
Microsoft Visual Studio Solution File, Format Version 12.00
# Visual Studio 15
VisualStudioVersion = 15.0.28307.705
MinimumVisualStudioVersion = 10.0.40219.1
Project("{FAE04EC0-301F-11D3-BF4B-00C04F79EFBC}") = "AdminEquipos", "AdminEquipos\AdminEquipos.csproj", "{79446B77-2B1F-46EA-9EDD-230F92C202F4}"
EndProject
Global
	GlobalSection(SolutionConfigurationPlatforms) = preSolution
		Debug|Any CPU = Debug|Any CPU
		Release|Any CPU = Release|Any CPU
	EndGlobalSection
	GlobalSection(ProjectConfigurationPlatforms) = postSolution
		{79446B77-2B1F-46EA-9EDD-230F92C202F4}.Debug|Any CPU.ActiveCfg = Debug|Any CPU
		{79446B77-2B1F-46EA-9EDD-230F92C202F4}.Debug|Any CPU.Build.0 = Debug|Any CPU
		{79446B77-2B1F-46EA-9EDD-230F92C202F4}.Release|Any CPU.ActiveCfg = Release|Any CPU
		{79446B77-2B1F-46EA-9EDD-230F92C202F4}.Release|Any CPU.Build.0 = Release|Any CPU
	EndGlobalSection
	GlobalSection(SolutionProperties) = preSolution
		HideSolutionNode = FALSE
	EndGlobalSection
	GlobalSection(ExtensibilityGlobals) = postSolution
		SolutionGuid = {D2F2F5A4-77DB-43E0-AAF7-84AEDCF9F3D5}
	EndGlobalSection
EndGlobal
